
Microsoft Visual Studio Solution File, Format Version 12.00
# Visual Studio Version 17
VisualStudioVersion = 17.0.32112.339
MinimumVisualStudioVersion = 10.0.40219.1
Project("{8BC9CEB8-8B4A-11D0-8D11-00A0C91BC942}") = "task-01", "task-01\task-01.vcxproj", "{A754226B-3629-41A7-8C7F-8493EF51E9B2}"
EndProject
Project("{8BC9CEB8-8B4A-11D0-8D11-00A0C91BC942}") = "task-02", "task-02\task-02.vcxproj", "{24819767-855C-4945-A8DB-02F3F670B555}"
EndProject
Project("{8BC9CEB8-8B4A-11D0-8D11-00A0C91BC942}") = "task-03", "task-03\task-03.vcxproj", "{406F02A7-0CA6-4401-8698-B26C95D6A517}"
EndProject
Project("{8BC9CEB8-8B4A-11D0-8D11-00A0C91BC942}") = "task-04", "task-04\task-04.vcxproj", "{C7CAD88E-BEFC-466B-8125-2C4B8FFF9EE8}"
EndProject
Project("{8BC9CEB8-8B4A-11D0-8D11-00A0C91BC942}") = "task-05", "task-05\task-05.vcxproj", "{F37E60ED-17A4-447F-821F-A217C8998328}"
EndProject
Project("{8BC9CEB8-8B4A-11D0-8D11-00A0C91BC942}") = "task-06", "task-06\task-06.vcxproj", "{4509AE7F-2855-4C00-8A3E-B08C0314C5F8}"
EndProject
Project("{8BC9CEB8-8B4A-11D0-8D11-00A0C91BC942}") = "task-07", "task-07\task-07.vcxproj", "{2C45C14E-E3B9-41B9-9B19-3548A606EEC7}"
EndProject
Global
	GlobalSection(SolutionConfigurationPlatforms) = preSolution
		Debug|x64 = Debug|x64
		Debug|x86 = Debug|x86
		Release|x64 = Release|x64
		Release|x86 = Release|x86
	EndGlobalSection
	GlobalSection(ProjectConfigurationPlatforms) = postSolution
		{A754226B-3629-41A7-8C7F-8493EF51E9B2}.Debug|x64.ActiveCfg = Debug|x64
		{A754226B-3629-41A7-8C7F-8493EF51E9B2}.Debug|x64.Build.0 = Debug|x64
		{A754226B-3629-41A7-8C7F-8493EF51E9B2}.Debug|x86.ActiveCfg = Debug|Win32
		{A754226B-3629-41A7-8C7F-8493EF51E9B2}.Debug|x86.Build.0 = Debug|Win32
		{A754226B-3629-41A7-8C7F-8493EF51E9B2}.Release|x64.ActiveCfg = Release|x64
		{A754226B-3629-41A7-8C7F-8493EF51E9B2}.Release|x64.Build.0 = Release|x64
		{A754226B-3629-41A7-8C7F-8493EF51E9B2}.Release|x86.ActiveCfg = Release|Win32
		{A754226B-3629-41A7-8C7F-8493EF51E9B2}.Release|x86.Build.0 = Release|Win32
		{24819767-855C-4945-A8DB-02F3F670B555}.Debug|x64.ActiveCfg = Debug|x64
		{24819767-855C-4945-A8DB-02F3F670B555}.Debug|x64.Build.0 = Debug|x64
		{24819767-855C-4945-A8DB-02F3F670B555}.Debug|x86.ActiveCfg = Debug|Win32
		{24819767-855C-4945-A8DB-02F3F670B555}.Debug|x86.Build.0 = Debug|Win32
		{24819767-855C-4945-A8DB-02F3F670B555}.Release|x64.ActiveCfg = Release|x64
		{24819767-855C-4945-A8DB-02F3F670B555}.Release|x64.Build.0 = Release|x64
		{24819767-855C-4945-A8DB-02F3F670B555}.Release|x86.ActiveCfg = Release|Win32
		{24819767-855C-4945-A8DB-02F3F670B555}.Release|x86.Build.0 = Release|Win32
		{406F02A7-0CA6-4401-8698-B26C95D6A517}.Debug|x64.ActiveCfg = Debug|x64
		{406F02A7-0CA6-4401-8698-B26C95D6A517}.Debug|x64.Build.0 = Debug|x64
		{406F02A7-0CA6-4401-8698-B26C95D6A517}.Debug|x86.ActiveCfg = Debug|Win32
		{406F02A7-0CA6-4401-8698-B26C95D6A517}.Debug|x86.Build.0 = Debug|Win32
		{406F02A7-0CA6-4401-8698-B26C95D6A517}.Release|x64.ActiveCfg = Release|x64
		{406F02A7-0CA6-4401-8698-B26C95D6A517}.Release|x64.Build.0 = Release|x64
		{406F02A7-0CA6-4401-8698-B26C95D6A517}.Release|x86.ActiveCfg = Release|Win32
		{406F02A7-0CA6-4401-8698-B26C95D6A517}.Release|x86.Build.0 = Release|Win32
		{C7CAD88E-BEFC-466B-8125-2C4B8FFF9EE8}.Debug|x64.ActiveCfg = Debug|x64
		{C7CAD88E-BEFC-466B-8125-2C4B8FFF9EE8}.Debug|x64.Build.0 = Debug|x64
		{C7CAD88E-BEFC-466B-8125-2C4B8FFF9EE8}.Debug|x86.ActiveCfg = Debug|Win32
		{C7CAD88E-BEFC-466B-8125-2C4B8FFF9EE8}.Debug|x86.Build.0 = Debug|Win32
		{C7CAD88E-BEFC-466B-8125-2C4B8FFF9EE8}.Release|x64.ActiveCfg = Release|x64
		{C7CAD88E-BEFC-466B-8125-2C4B8FFF9EE8}.Release|x64.Build.0 = Release|x64
		{C7CAD88E-BEFC-466B-8125-2C4B8FFF9EE8}.Release|x86.ActiveCfg = Release|Win32
		{C7CAD88E-BEFC-466B-8125-2C4B8FFF9EE8}.Release|x86.Build.0 = Release|Win32
		{F37E60ED-17A4-447F-821F-A217C8998328}.Debug|x64.ActiveCfg = Debug|x64
		{F37E60ED-17A4-447F-821F-A217C8998328}.Debug|x64.Build.0 = Debug|x64
		{F37E60ED-17A4-447F-821F-A217C8998328}.Debug|x86.ActiveCfg = Debug|Win32
		{F37E60ED-17A4-447F-821F-A217C8998328}.Debug|x86.Build.0 = Debug|Win32
		{F37E60ED-17A4-447F-821F-A217C8998328}.Release|x64.ActiveCfg = Release|x64
		{F37E60ED-17A4-447F-821F-A217C8998328}.Release|x64.Build.0 = Release|x64
		{F37E60ED-17A4-447F-821F-A217C8998328}.Release|x86.ActiveCfg = Release|Win32
		{F37E60ED-17A4-447F-821F-A217C8998328}.Release|x86.Build.0 = Release|Win32
		{4509AE7F-2855-4C00-8A3E-B08C0314C5F8}.Debug|x64.ActiveCfg = Debug|x64
		{4509AE7F-2855-4C00-8A3E-B08C0314C5F8}.Debug|x64.Build.0 = Debug|x64
		{4509AE7F-2855-4C00-8A3E-B08C0314C5F8}.Debug|x86.ActiveCfg = Debug|Win32
		{4509AE7F-2855-4C00-8A3E-B08C0314C5F8}.Debug|x86.Build.0 = Debug|Win32
		{4509AE7F-2855-4C00-8A3E-B08C0314C5F8}.Release|x64.ActiveCfg = Release|x64
		{4509AE7F-2855-4C00-8A3E-B08C0314C5F8}.Release|x64.Build.0 = Release|x64
		{4509AE7F-2855-4C00-8A3E-B08C0314C5F8}.Release|x86.ActiveCfg = Release|Win32
		{4509AE7F-2855-4C00-8A3E-B08C0314C5F8}.Release|x86.Build.0 = Release|Win32
		{2C45C14E-E3B9-41B9-9B19-3548A606EEC7}.Debug|x64.ActiveCfg = Debug|x64
		{2C45C14E-E3B9-41B9-9B19-3548A606EEC7}.Debug|x64.Build.0 = Debug|x64
		{2C45C14E-E3B9-41B9-9B19-3548A606EEC7}.Debug|x86.ActiveCfg = Debug|Win32
		{2C45C14E-E3B9-41B9-9B19-3548A606EEC7}.Debug|x86.Build.0 = Debug|Win32
		{2C45C14E-E3B9-41B9-9B19-3548A606EEC7}.Release|x64.ActiveCfg = Release|x64
		{2C45C14E-E3B9-41B9-9B19-3548A606EEC7}.Release|x64.Build.0 = Release|x64
		{2C45C14E-E3B9-41B9-9B19-3548A606EEC7}.Release|x86.ActiveCfg = Release|Win32
		{2C45C14E-E3B9-41B9-9B19-3548A606EEC7}.Release|x86.Build.0 = Release|Win32
	EndGlobalSection
	GlobalSection(SolutionProperties) = preSolution
		HideSolutionNode = FALSE
	EndGlobalSection
	GlobalSection(ExtensibilityGlobals) = postSolution
		SolutionGuid = {28D57902-2E86-410E-93DF-A68C6CD561E1}
	EndGlobalSection
EndGlobal
